
Microsoft Visual Studio Solution File, Format Version 12.00
# Visual Studio Version 17
VisualStudioVersion = 17.13.35931.197 d17.13
MinimumVisualStudioVersion = 10.0.40219.1
Project("{FAE04EC0-301F-11D3-BF4B-00C04F79EFBC}") = "UWPTechLearning", "UWPTechLearning\UWPTechLearning.csproj", "{67729C95-1565-4DE3-87C3-28BF1D7E2DA2}"
EndProject
Global
	GlobalSection(SolutionConfigurationPlatforms) = preSolution
		Debug|Any CPU = Debug|Any CPU
		Release|Any CPU = Release|Any CPU
	EndGlobalSection
	GlobalSection(ProjectConfigurationPlatforms) = postSolution
		{67729C95-1565-4DE3-87C3-28BF1D7E2DA2}.Debug|Any CPU.ActiveCfg = Debug|Any CPU
		{67729C95-1565-4DE3-87C3-28BF1D7E2DA2}.Debug|Any CPU.Build.0 = Debug|Any CPU
		{67729C95-1565-4DE3-87C3-28BF1D7E2DA2}.Release|Any CPU.ActiveCfg = Release|Any CPU
		{67729C95-1565-4DE3-87C3-28BF1D7E2DA2}.Release|Any CPU.Build.0 = Release|Any CPU
	EndGlobalSection
	GlobalSection(SolutionProperties) = preSolution
		HideSolutionNode = FALSE
	EndGlobalSection
	GlobalSection(ExtensibilityGlobals) = postSolution
		SolutionGuid = {5288B30A-EA0F-43A7-87F7-A83C329E2EFD}
	EndGlobalSection
EndGlobal
